
Microsoft Visual Studio Solution File, Format Version 12.00
# Visual Studio 14
VisualStudioVersion = 14.0.25420.1
MinimumVisualStudioVersion = 10.0.40219.1
Project("{2150E333-8FDC-42A3-9474-1A3956D46DE8}") = "CrossCutting", "CrossCutting", "{5B507020-99D7-4F2B-A46C-E9B2DFC69DF7}"
EndProject
Project("{2150E333-8FDC-42A3-9474-1A3956D46DE8}") = "Presentation", "Presentation", "{447D55F2-8387-4154-98BF-2E94F588AF10}"
EndProject
Project("{2150E333-8FDC-42A3-9474-1A3956D46DE8}") = "DataLayer", "DataLayer", "{22D37B78-D78B-4C09-886B-FC76A5A4C20F}"
EndProject
Project("{2150E333-8FDC-42A3-9474-1A3956D46DE8}") = "ExternalService", "ExternalService", "{51A84793-B95A-431C-A966-A546A65872EE}"
EndProject
Project("{FAE04EC0-301F-11D3-BF4B-00C04F79EFBC}") = "Eligo.Presentation.Console.App", "Eligo.Presentation.Console.App\Eligo.Presentation.Console.App.csproj", "{AE56549E-FCB6-4CCC-8442-80B6F41408C0}"
EndProject
Project("{2150E333-8FDC-42A3-9474-1A3956D46DE8}") = "Caching", "Caching", "{0A910736-1918-48F2-A416-9DE45667C388}"
EndProject
Project("{FAE04EC0-301F-11D3-BF4B-00C04F79EFBC}") = "Eligo.CrossCutting.Caching.MemoryCaching", "Eligo.CrossCutting.Caching.MemoryCaching\Eligo.CrossCutting.Caching.MemoryCaching.csproj", "{EC69BAFA-F04F-4FE7-B3A8-00FE1FAB9905}"
EndProject
Project("{FAE04EC0-301F-11D3-BF4B-00C04F79EFBC}") = "Eligo.DataLayer", "Eligo.DataLayer\Eligo.DataLayer.csproj", "{275DE3AB-04A3-4F51-90C3-13600DC60244}"
EndProject
Project("{FAE04EC0-301F-11D3-BF4B-00C04F79EFBC}") = "Eligo.DataLayer.EntityFramework", "Eligo.DataLayer.EntityFramework\Eligo.DataLayer.EntityFramework.csproj", "{9CDDF75D-312B-47A6-8930-0E978219C229}"
EndProject
Project("{2150E333-8FDC-42A3-9474-1A3956D46DE8}") = "BusinessLayer", "BusinessLayer", "{32DAD2D0-DBC5-45DF-962C-5EAA9CB6E8B0}"
EndProject
Project("{2150E333-8FDC-42A3-9474-1A3956D46DE8}") = "DomainLayer", "DomainLayer", "{F7D27F9B-BAC5-40EE-A7A9-CFEF0D3DA6C9}"
EndProject
Project("{FAE04EC0-301F-11D3-BF4B-00C04F79EFBC}") = "Eligo.BusinessLayer", "Eligo.BusinessLayer\Eligo.BusinessLayer.csproj", "{10EC925A-1BF2-46C4-9376-CD11805BAAD0}"
EndProject
Project("{FAE04EC0-301F-11D3-BF4B-00C04F79EFBC}") = "Eligo.DomainLayer", "Eligo.DomainLayer\Eligo.DomainLayer.csproj", "{049763D3-E417-4FE6-9746-60CBF30381AB}"
EndProject
Project("{FAE04EC0-301F-11D3-BF4B-00C04F79EFBC}") = "Eligo.DomainLayer.Customer", "Eligo.DomainLayer.Customer\Eligo.DomainLayer.Customer.csproj", "{17692B77-DF75-4E34-934F-2026BCB5C47D}"
EndProject
Project("{2150E333-8FDC-42A3-9474-1A3956D46DE8}") = "Tenants", "Tenants", "{A80451EC-2ACA-4B23-BC47-C01D82CD6F3E}"
EndProject
Project("{FAE04EC0-301F-11D3-BF4B-00C04F79EFBC}") = "Eligo.DataLayer.Tenants.EligoDb", "Eligo.DataLayer.Tenants.EligoDb\Eligo.DataLayer.Tenants.EligoDb.csproj", "{0A3829A3-FDD3-4F98-ADBC-D66D96D9924C}"
EndProject
Project("{FAE04EC0-301F-11D3-BF4B-00C04F79EFBC}") = "Eligo.CrossCutting", "Eligo.CrossCutting\Eligo.CrossCutting.csproj", "{8FE5A66C-EA6F-4AD3-9ACF-FE6C3AA42ABC}"
EndProject
Project("{FAE04EC0-301F-11D3-BF4B-00C04F79EFBC}") = "Eligo.CrossCutting.Caching.RedisCaching", "Eligo.CrossCutting.Caching.RedisCaching\Eligo.CrossCutting.Caching.RedisCaching.csproj", "{4277BA2D-7B43-4D5E-BABC-D847C9296F59}"
EndProject
Project("{FAE04EC0-301F-11D3-BF4B-00C04F79EFBC}") = "Eligo.CrossCutting.Caching", "Eligo.CrossCutting.Caching\Eligo.CrossCutting.Caching.csproj", "{F33AFE98-EC53-415C-AF93-BEDACBC52458}"
EndProject
Project("{2150E333-8FDC-42A3-9474-1A3956D46DE8}") = "Logging", "Logging", "{D9E18EEC-6E33-49B9-9D57-F4A599E992E4}"
EndProject
Project("{FAE04EC0-301F-11D3-BF4B-00C04F79EFBC}") = "Eligo.CrossCutting.Logging", "Eligo.CrossCutting.Logging\Eligo.CrossCutting.Logging.csproj", "{3CB4DCEE-5B91-4774-A63C-0D98C2ADF4CA}"
EndProject
Project("{FAE04EC0-301F-11D3-BF4B-00C04F79EFBC}") = "Eligo.CrossCutting.Logging.NLog", "Eligo.CrossCutting.Logging.NLog\Eligo.CrossCutting.Logging.NLog.csproj", "{0B39A3F7-1612-4A8D-BBA8-BF522D12377A}"
EndProject
Project("{2150E333-8FDC-42A3-9474-1A3956D46DE8}") = "TypeAdapting", "TypeAdapting", "{8FB8FEF4-BED3-41CA-9B6A-CADB46216864}"
EndProject
Project("{FAE04EC0-301F-11D3-BF4B-00C04F79EFBC}") = "Eligo.CrossCutting.TypeAdapting", "Eligo.CrossCutting.TypeAdapting\Eligo.CrossCutting.TypeAdapting.csproj", "{24B09227-1B0C-407A-932E-04CBC513E079}"
EndProject
Project("{FAE04EC0-301F-11D3-BF4B-00C04F79EFBC}") = "Eligo.CrossCutting.TypeAdapting.AutoMapper", "Eligo.CrossCutting.TypeAdapting.AutoMapper\Eligo.CrossCutting.TypeAdapting.AutoMapper.csproj", "{5A42FD9E-C6DB-41EB-B3BD-6680ADB8C458}"
EndProject
Project("{2150E333-8FDC-42A3-9474-1A3956D46DE8}") = "Cryptography", "Cryptography", "{627FEBE7-CBA0-46A8-A89D-14C4013D22CA}"
EndProject
Project("{FAE04EC0-301F-11D3-BF4B-00C04F79EFBC}") = "Eligo.CrossCutting.Cryptography", "Eligo.CrossCutting.Cryptography\Eligo.CrossCutting.Cryptography.csproj", "{336CB9FD-0AAC-442B-B752-E96DB28BEA77}"
EndProject
Project("{FAE04EC0-301F-11D3-BF4B-00C04F79EFBC}") = "Eligo.CrossCutting.Cryptography.Md5", "Eligo.CrossCutting.Cryptography.Md5\Eligo.CrossCutting.Cryptography.Md5.csproj", "{B91C393E-BC12-4B41-8741-48FF25BDDECE}"
EndProject
Project("{FAE04EC0-301F-11D3-BF4B-00C04F79EFBC}") = "Eligo.DataLayer.Mock", "Eligo.DataLayer.Mock\Eligo.DataLayer.Mock.csproj", "{0254BB18-714A-4E20-A63F-49B1011ADFB6}"
EndProject
Global
	GlobalSection(SolutionConfigurationPlatforms) = preSolution
		Debug|Any CPU = Debug|Any CPU
		Release|Any CPU = Release|Any CPU
	EndGlobalSection
	GlobalSection(ProjectConfigurationPlatforms) = postSolution
		{AE56549E-FCB6-4CCC-8442-80B6F41408C0}.Debug|Any CPU.ActiveCfg = Debug|Any CPU
		{AE56549E-FCB6-4CCC-8442-80B6F41408C0}.Debug|Any CPU.Build.0 = Debug|Any CPU
		{AE56549E-FCB6-4CCC-8442-80B6F41408C0}.Release|Any CPU.ActiveCfg = Release|Any CPU
		{AE56549E-FCB6-4CCC-8442-80B6F41408C0}.Release|Any CPU.Build.0 = Release|Any CPU
		{EC69BAFA-F04F-4FE7-B3A8-00FE1FAB9905}.Debug|Any CPU.ActiveCfg = Debug|Any CPU
		{EC69BAFA-F04F-4FE7-B3A8-00FE1FAB9905}.Debug|Any CPU.Build.0 = Debug|Any CPU
		{EC69BAFA-F04F-4FE7-B3A8-00FE1FAB9905}.Release|Any CPU.ActiveCfg = Release|Any CPU
		{EC69BAFA-F04F-4FE7-B3A8-00FE1FAB9905}.Release|Any CPU.Build.0 = Release|Any CPU
		{275DE3AB-04A3-4F51-90C3-13600DC60244}.Debug|Any CPU.ActiveCfg = Debug|Any CPU
		{275DE3AB-04A3-4F51-90C3-13600DC60244}.Debug|Any CPU.Build.0 = Debug|Any CPU
		{275DE3AB-04A3-4F51-90C3-13600DC60244}.Release|Any CPU.ActiveCfg = Release|Any CPU
		{275DE3AB-04A3-4F51-90C3-13600DC60244}.Release|Any CPU.Build.0 = Release|Any CPU
		{9CDDF75D-312B-47A6-8930-0E978219C229}.Debug|Any CPU.ActiveCfg = Debug|Any CPU
		{9CDDF75D-312B-47A6-8930-0E978219C229}.Debug|Any CPU.Build.0 = Debug|Any CPU
		{9CDDF75D-312B-47A6-8930-0E978219C229}.Release|Any CPU.ActiveCfg = Release|Any CPU
		{9CDDF75D-312B-47A6-8930-0E978219C229}.Release|Any CPU.Build.0 = Release|Any CPU
		{10EC925A-1BF2-46C4-9376-CD11805BAAD0}.Debug|Any CPU.ActiveCfg = Debug|Any CPU
		{10EC925A-1BF2-46C4-9376-CD11805BAAD0}.Debug|Any CPU.Build.0 = Debug|Any CPU
		{10EC925A-1BF2-46C4-9376-CD11805BAAD0}.Release|Any CPU.ActiveCfg = Release|Any CPU
		{10EC925A-1BF2-46C4-9376-CD11805BAAD0}.Release|Any CPU.Build.0 = Release|Any CPU
		{049763D3-E417-4FE6-9746-60CBF30381AB}.Debug|Any CPU.ActiveCfg = Debug|Any CPU
		{049763D3-E417-4FE6-9746-60CBF30381AB}.Debug|Any CPU.Build.0 = Debug|Any CPU
		{049763D3-E417-4FE6-9746-60CBF30381AB}.Release|Any CPU.ActiveCfg = Release|Any CPU
		{049763D3-E417-4FE6-9746-60CBF30381AB}.Release|Any CPU.Build.0 = Release|Any CPU
		{17692B77-DF75-4E34-934F-2026BCB5C47D}.Debug|Any CPU.ActiveCfg = Debug|Any CPU
		{17692B77-DF75-4E34-934F-2026BCB5C47D}.Debug|Any CPU.Build.0 = Debug|Any CPU
		{17692B77-DF75-4E34-934F-2026BCB5C47D}.Release|Any CPU.ActiveCfg = Release|Any CPU
		{17692B77-DF75-4E34-934F-2026BCB5C47D}.Release|Any CPU.Build.0 = Release|Any CPU
		{0A3829A3-FDD3-4F98-ADBC-D66D96D9924C}.Debug|Any CPU.ActiveCfg = Debug|Any CPU
		{0A3829A3-FDD3-4F98-ADBC-D66D96D9924C}.Debug|Any CPU.Build.0 = Debug|Any CPU
		{0A3829A3-FDD3-4F98-ADBC-D66D96D9924C}.Release|Any CPU.ActiveCfg = Release|Any CPU
		{0A3829A3-FDD3-4F98-ADBC-D66D96D9924C}.Release|Any CPU.Build.0 = Release|Any CPU
		{8FE5A66C-EA6F-4AD3-9ACF-FE6C3AA42ABC}.Debug|Any CPU.ActiveCfg = Debug|Any CPU
		{8FE5A66C-EA6F-4AD3-9ACF-FE6C3AA42ABC}.Debug|Any CPU.Build.0 = Debug|Any CPU
		{8FE5A66C-EA6F-4AD3-9ACF-FE6C3AA42ABC}.Release|Any CPU.ActiveCfg = Release|Any CPU
		{8FE5A66C-EA6F-4AD3-9ACF-FE6C3AA42ABC}.Release|Any CPU.Build.0 = Release|Any CPU
		{4277BA2D-7B43-4D5E-BABC-D847C9296F59}.Debug|Any CPU.ActiveCfg = Debug|Any CPU
		{4277BA2D-7B43-4D5E-BABC-D847C9296F59}.Debug|Any CPU.Build.0 = Debug|Any CPU
		{4277BA2D-7B43-4D5E-BABC-D847C9296F59}.Release|Any CPU.ActiveCfg = Release|Any CPU
		{4277BA2D-7B43-4D5E-BABC-D847C9296F59}.Release|Any CPU.Build.0 = Release|Any CPU
		{F33AFE98-EC53-415C-AF93-BEDACBC52458}.Debug|Any CPU.ActiveCfg = Debug|Any CPU
		{F33AFE98-EC53-415C-AF93-BEDACBC52458}.Debug|Any CPU.Build.0 = Debug|Any CPU
		{F33AFE98-EC53-415C-AF93-BEDACBC52458}.Release|Any CPU.ActiveCfg = Release|Any CPU
		{F33AFE98-EC53-415C-AF93-BEDACBC52458}.Release|Any CPU.Build.0 = Release|Any CPU
		{3CB4DCEE-5B91-4774-A63C-0D98C2ADF4CA}.Debug|Any CPU.ActiveCfg = Debug|Any CPU
		{3CB4DCEE-5B91-4774-A63C-0D98C2ADF4CA}.Debug|Any CPU.Build.0 = Debug|Any CPU
		{3CB4DCEE-5B91-4774-A63C-0D98C2ADF4CA}.Release|Any CPU.ActiveCfg = Release|Any CPU
		{3CB4DCEE-5B91-4774-A63C-0D98C2ADF4CA}.Release|Any CPU.Build.0 = Release|Any CPU
		{0B39A3F7-1612-4A8D-BBA8-BF522D12377A}.Debug|Any CPU.ActiveCfg = Debug|Any CPU
		{0B39A3F7-1612-4A8D-BBA8-BF522D12377A}.Debug|Any CPU.Build.0 = Debug|Any CPU
		{0B39A3F7-1612-4A8D-BBA8-BF522D12377A}.Release|Any CPU.ActiveCfg = Release|Any CPU
		{0B39A3F7-1612-4A8D-BBA8-BF522D12377A}.Release|Any CPU.Build.0 = Release|Any CPU
		{24B09227-1B0C-407A-932E-04CBC513E079}.Debug|Any CPU.ActiveCfg = Debug|Any CPU
		{24B09227-1B0C-407A-932E-04CBC513E079}.Debug|Any CPU.Build.0 = Debug|Any CPU
		{24B09227-1B0C-407A-932E-04CBC513E079}.Release|Any CPU.ActiveCfg = Release|Any CPU
		{24B09227-1B0C-407A-932E-04CBC513E079}.Release|Any CPU.Build.0 = Release|Any CPU
		{5A42FD9E-C6DB-41EB-B3BD-6680ADB8C458}.Debug|Any CPU.ActiveCfg = Debug|Any CPU
		{5A42FD9E-C6DB-41EB-B3BD-6680ADB8C458}.Debug|Any CPU.Build.0 = Debug|Any CPU
		{5A42FD9E-C6DB-41EB-B3BD-6680ADB8C458}.Release|Any CPU.ActiveCfg = Release|Any CPU
		{5A42FD9E-C6DB-41EB-B3BD-6680ADB8C458}.Release|Any CPU.Build.0 = Release|Any CPU
		{336CB9FD-0AAC-442B-B752-E96DB28BEA77}.Debug|Any CPU.ActiveCfg = Debug|Any CPU
		{336CB9FD-0AAC-442B-B752-E96DB28BEA77}.Debug|Any CPU.Build.0 = Debug|Any CPU
		{336CB9FD-0AAC-442B-B752-E96DB28BEA77}.Release|Any CPU.ActiveCfg = Release|Any CPU
		{336CB9FD-0AAC-442B-B752-E96DB28BEA77}.Release|Any CPU.Build.0 = Release|Any CPU
		{B91C393E-BC12-4B41-8741-48FF25BDDECE}.Debug|Any CPU.ActiveCfg = Debug|Any CPU
		{B91C393E-BC12-4B41-8741-48FF25BDDECE}.Debug|Any CPU.Build.0 = Debug|Any CPU
		{B91C393E-BC12-4B41-8741-48FF25BDDECE}.Release|Any CPU.ActiveCfg = Release|Any CPU
		{B91C393E-BC12-4B41-8741-48FF25BDDECE}.Release|Any CPU.Build.0 = Release|Any CPU
		{0254BB18-714A-4E20-A63F-49B1011ADFB6}.Debug|Any CPU.ActiveCfg = Debug|Any CPU
		{0254BB18-714A-4E20-A63F-49B1011ADFB6}.Debug|Any CPU.Build.0 = Debug|Any CPU
		{0254BB18-714A-4E20-A63F-49B1011ADFB6}.Release|Any CPU.ActiveCfg = Release|Any CPU
		{0254BB18-714A-4E20-A63F-49B1011ADFB6}.Release|Any CPU.Build.0 = Release|Any CPU
	EndGlobalSection
	GlobalSection(SolutionProperties) = preSolution
		HideSolutionNode = FALSE
	EndGlobalSection
	GlobalSection(NestedProjects) = preSolution
		{AE56549E-FCB6-4CCC-8442-80B6F41408C0} = {447D55F2-8387-4154-98BF-2E94F588AF10}
		{0A910736-1918-48F2-A416-9DE45667C388} = {5B507020-99D7-4F2B-A46C-E9B2DFC69DF7}
		{EC69BAFA-F04F-4FE7-B3A8-00FE1FAB9905} = {0A910736-1918-48F2-A416-9DE45667C388}
		{275DE3AB-04A3-4F51-90C3-13600DC60244} = {22D37B78-D78B-4C09-886B-FC76A5A4C20F}
		{9CDDF75D-312B-47A6-8930-0E978219C229} = {22D37B78-D78B-4C09-886B-FC76A5A4C20F}
		{10EC925A-1BF2-46C4-9376-CD11805BAAD0} = {32DAD2D0-DBC5-45DF-962C-5EAA9CB6E8B0}
		{049763D3-E417-4FE6-9746-60CBF30381AB} = {F7D27F9B-BAC5-40EE-A7A9-CFEF0D3DA6C9}
		{17692B77-DF75-4E34-934F-2026BCB5C47D} = {F7D27F9B-BAC5-40EE-A7A9-CFEF0D3DA6C9}
		{A80451EC-2ACA-4B23-BC47-C01D82CD6F3E} = {22D37B78-D78B-4C09-886B-FC76A5A4C20F}
		{0A3829A3-FDD3-4F98-ADBC-D66D96D9924C} = {A80451EC-2ACA-4B23-BC47-C01D82CD6F3E}
		{8FE5A66C-EA6F-4AD3-9ACF-FE6C3AA42ABC} = {5B507020-99D7-4F2B-A46C-E9B2DFC69DF7}
		{4277BA2D-7B43-4D5E-BABC-D847C9296F59} = {0A910736-1918-48F2-A416-9DE45667C388}
		{F33AFE98-EC53-415C-AF93-BEDACBC52458} = {0A910736-1918-48F2-A416-9DE45667C388}
		{D9E18EEC-6E33-49B9-9D57-F4A599E992E4} = {5B507020-99D7-4F2B-A46C-E9B2DFC69DF7}
		{3CB4DCEE-5B91-4774-A63C-0D98C2ADF4CA} = {D9E18EEC-6E33-49B9-9D57-F4A599E992E4}
		{0B39A3F7-1612-4A8D-BBA8-BF522D12377A} = {D9E18EEC-6E33-49B9-9D57-F4A599E992E4}
		{8FB8FEF4-BED3-41CA-9B6A-CADB46216864} = {5B507020-99D7-4F2B-A46C-E9B2DFC69DF7}
		{24B09227-1B0C-407A-932E-04CBC513E079} = {8FB8FEF4-BED3-41CA-9B6A-CADB46216864}
		{5A42FD9E-C6DB-41EB-B3BD-6680ADB8C458} = {8FB8FEF4-BED3-41CA-9B6A-CADB46216864}
		{627FEBE7-CBA0-46A8-A89D-14C4013D22CA} = {5B507020-99D7-4F2B-A46C-E9B2DFC69DF7}
		{336CB9FD-0AAC-442B-B752-E96DB28BEA77} = {627FEBE7-CBA0-46A8-A89D-14C4013D22CA}
		{B91C393E-BC12-4B41-8741-48FF25BDDECE} = {627FEBE7-CBA0-46A8-A89D-14C4013D22CA}
		{0254BB18-714A-4E20-A63F-49B1011ADFB6} = {22D37B78-D78B-4C09-886B-FC76A5A4C20F}
	EndGlobalSection
EndGlobal
